// !$*UTF8*$!
{
	archiveVersion = 1;
	classes = {
	};
	objectVersion = 46;
	objects = {

/* Begin PBXBuildFile section */
		B5B9F57F1D3C834000EC5FA4 /* main.m in Sources */ = {isa = PBXBuildFile; fileRef = B5B9F57E1D3C834000EC5FA4 /* main.m */; };
		B5B9F5821D3C834000EC5FA4 /* AppDelegate.m in Sources */ = {isa = PBXBuildFile; fileRef = B5B9F5811D3C834000EC5FA4 /* AppDelegate.m */; };
		B5B9F5851D3C834000EC5FA4 /* ViewController.m in Sources */ = {isa = PBXBuildFile; fileRef = B5B9F5841D3C834000EC5FA4 /* ViewController.m */; };
		B5B9F5881D3C834000EC5FA4 /* Main.storyboard in Resources */ = {isa = PBXBuildFile; fileRef = B5B9F5861D3C834000EC5FA4 /* Main.storyboard */; };
		B5B9F58A1D3C834000EC5FA4 /* Assets.xcassets in Resources */ = {isa = PBXBuildFile; fileRef = B5B9F5891D3C834000EC5FA4 /* Assets.xcassets */; };
		B5B9F58D1D3C834000EC5FA4 /* LaunchScreen.storyboard in Resources */ = {isa = PBXBuildFile; fileRef = B5B9F58B1D3C834000EC5FA4 /* LaunchScreen.storyboard */; };
		B5B9F5981D3C834000EC5FA4 /* ______AlertView_Tests.m in Sources */ = {isa = PBXBuildFile; fileRef = B5B9F5971D3C834000EC5FA4 /* ______AlertView_Tests.m */; };
		B5B9F5A31D3C834000EC5FA4 /* ______AlertView_UITests.m in Sources */ = {isa = PBXBuildFile; fileRef = B5B9F5A21D3C834000EC5FA4 /* ______AlertView_UITests.m */; };
		B5B9F5B21D3C838F00EC5FA4 /* AlertView.m in Sources */ = {isa = PBXBuildFile; fileRef = B5B9F5B11D3C838F00EC5FA4 /* AlertView.m */; };
		B5B9F5B61D3CAAC700EC5FA4 /* TDBarcode.m in Sources */ = {isa = PBXBuildFile; fileRef = B5B9F5B51D3CAAC700EC5FA4 /* TDBarcode.m */; };
/* End PBXBuildFile section */

/* Begin PBXContainerItemProxy section */
		B5B9F5941D3C834000EC5FA4 /* PBXContainerItemProxy */ = {
			isa = PBXContainerItemProxy;
			containerPortal = B5B9F5721D3C834000EC5FA4 /* Project object */;
			proxyType = 1;
			remoteGlobalIDString = B5B9F5791D3C834000EC5FA4;
			remoteInfo = "自定义弹窗（AlertView）";
		};
		B5B9F59F1D3C834000EC5FA4 /* PBXContainerItemProxy */ = {
			isa = PBXContainerItemProxy;
			containerPortal = B5B9F5721D3C834000EC5FA4 /* Project object */;
			proxyType = 1;
			remoteGlobalIDString = B5B9F5791D3C834000EC5FA4;
			remoteInfo = "自定义弹窗（AlertView）";
		};
/* End PBXContainerItemProxy section */

/* Begin PBXFileReference section */
		B5B9F57A1D3C834000EC5FA4 /* 自定义弹窗（AlertView）.app */ = {isa = PBXFileReference; explicitFileType = wrapper.application; includeInIndex = 0; path = "自定义弹窗（AlertView）.app"; sourceTree = BUILT_PRODUCTS_DIR; };
		B5B9F57E1D3C834000EC5FA4 /* main.m */ = {isa = PBXFileReference; lastKnownFileType = sourcecode.c.objc; path = main.m; sourceTree = "<group>"; };
		B5B9F5801D3C834000EC5FA4 /* AppDelegate.h */ = {isa = PBXFileReference; lastKnownFileType = sourcecode.c.h; path = AppDelegate.h; sourceTree = "<group>"; };
		B5B9F5811D3C834000EC5FA4 /* AppDelegate.m */ = {isa = PBXFileReference; lastKnownFileType = sourcecode.c.objc; path = AppDelegate.m; sourceTree = "<group>"; };
		B5B9F5831D3C834000EC5FA4 /* ViewController.h */ = {isa = PBXFileReference; lastKnownFileType = sourcecode.c.h; path = ViewController.h; sourceTree = "<group>"; };
		B5B9F5841D3C834000EC5FA4 /* ViewController.m */ = {isa = PBXFileReference; lastKnownFileType = sourcecode.c.objc; path = ViewController.m; sourceTree = "<group>"; };
		B5B9F5871D3C834000EC5FA4 /* Base */ = {isa = PBXFileReference; lastKnownFileType = file.storyboard; name = Base; path = Base.lproj/Main.storyboard; sourceTree = "<group>"; };
		B5B9F5891D3C834000EC5FA4 /* Assets.xcassets */ = {isa = PBXFileReference; lastKnownFileType = folder.assetcatalog; path = Assets.xcassets; sourceTree = "<group>"; };
		B5B9F58C1D3C834000EC5FA4 /* Base */ = {isa = PBXFileReference; lastKnownFileType = file.storyboard; name = Base; path = Base.lproj/LaunchScreen.storyboard; sourceTree = "<group>"; };
		B5B9F58E1D3C834000EC5FA4 /* Info.plist */ = {isa = PBXFileReference; lastKnownFileType = text.plist.xml; path = Info.plist; sourceTree = "<group>"; };
		B5B9F5931D3C834000EC5FA4 /* 自定义弹窗（AlertView）Tests.xctest */ = {isa = PBXFileReference; explicitFileType = wrapper.cfbundle; includeInIndex = 0; path = "自定义弹窗（AlertView）Tests.xctest"; sourceTree = BUILT_PRODUCTS_DIR; };
		B5B9F5971D3C834000EC5FA4 /* ______AlertView_Tests.m */ = {isa = PBXFileReference; lastKnownFileType = sourcecode.c.objc; path = "______AlertView_Tests.m"; sourceTree = "<group>"; };
		B5B9F5991D3C834000EC5FA4 /* Info.plist */ = {isa = PBXFileReference; lastKnownFileType = text.plist.xml; path = Info.plist; sourceTree = "<group>"; };
		B5B9F59E1D3C834000EC5FA4 /* 自定义弹窗（AlertView）UITests.xctest */ = {isa = PBXFileReference; explicitFileType = wrapper.cfbundle; includeInIndex = 0; path = "自定义弹窗（AlertView）UITests.xctest"; sourceTree = BUILT_PRODUCTS_DIR; };
		B5B9F5A21D3C834000EC5FA4 /* ______AlertView_UITests.m */ = {isa = PBXFileReference; lastKnownFileType = sourcecode.c.objc; path = "______AlertView_UITests.m"; sourceTree = "<group>"; };
		B5B9F5A41D3C834000EC5FA4 /* Info.plist */ = {isa = PBXFileReference; lastKnownFileType = text.plist.xml; path = Info.plist; sourceTree = "<group>"; };
		B5B9F5B01D3C838F00EC5FA4 /* AlertView.h */ = {isa = PBXFileReference; fileEncoding = 4; lastKnownFileType = sourcecode.c.h; path = AlertView.h; sourceTree = "<group>"; };
		B5B9F5B11D3C838F00EC5FA4 /* AlertView.m */ = {isa = PBXFileReference; fileEncoding = 4; lastKnownFileType = sourcecode.c.objc; path = AlertView.m; sourceTree = "<group>"; };
		B5B9F5B41D3CAAC700EC5FA4 /* TDBarcode.h */ = {isa = PBXFileReference; fileEncoding = 4; lastKnownFileType = sourcecode.c.h; path = TDBarcode.h; sourceTree = "<group>"; };
		B5B9F5B51D3CAAC700EC5FA4 /* TDBarcode.m */ = {isa = PBXFileReference; fileEncoding = 4; lastKnownFileType = sourcecode.c.objc; path = TDBarcode.m; sourceTree = "<group>"; };
/* End PBXFileReference section */

/* Begin PBXFrameworksBuildPhase section */
		B5B9F5771D3C834000EC5FA4 /* Frameworks */ = {
			isa = PBXFrameworksBuildPhase;
			buildActionMask = 2147483647;
			files = (
			);
			runOnlyForDeploymentPostprocessing = 0;
		};
		B5B9F5901D3C834000EC5FA4 /* Frameworks */ = {
			isa = PBXFrameworksBuildPhase;
			buildActionMask = 2147483647;
			files = (
			);
			runOnlyForDeploymentPostprocessing = 0;
		};
		B5B9F59B1D3C834000EC5FA4 /* Frameworks */ = {
			isa = PBXFrameworksBuildPhase;
			buildActionMask = 2147483647;
			files = (
			);
			runOnlyForDeploymentPostprocessing = 0;
		};
/* End PBXFrameworksBuildPhase section */

/* Begin PBXGroup section */
		B5B9F5711D3C834000EC5FA4 = {
			isa = PBXGroup;
			children = (
				B5B9F57C1D3C834000EC5FA4 /* 自定义弹窗（AlertView） */,
				B5B9F5961D3C834000EC5FA4 /* 自定义弹窗（AlertView）Tests */,
				B5B9F5A11D3C834000EC5FA4 /* 自定义弹窗（AlertView）UITests */,
				B5B9F57B1D3C834000EC5FA4 /* Products */,
			);
			sourceTree = "<group>";
		};
		B5B9F57B1D3C834000EC5FA4 /* Products */ = {
			isa = PBXGroup;
			children = (
				B5B9F57A1D3C834000EC5FA4 /* 自定义弹窗（AlertView）.app */,
				B5B9F5931D3C834000EC5FA4 /* 自定义弹窗（AlertView）Tests.xctest */,
				B5B9F59E1D3C834000EC5FA4 /* 自定义弹窗（AlertView）UITests.xctest */,
			);
			name = Products;
			sourceTree = "<group>";
		};
		B5B9F57C1D3C834000EC5FA4 /* 自定义弹窗（AlertView） */ = {
			isa = PBXGroup;
			children = (
				B5B9F5B31D3CAAC700EC5FA4 /* TwoDmlBarcode */,
				B5B9F5801D3C834000EC5FA4 /* AppDelegate.h */,
				B5B9F5811D3C834000EC5FA4 /* AppDelegate.m */,
				B5B9F5831D3C834000EC5FA4 /* ViewController.h */,
				B5B9F5841D3C834000EC5FA4 /* ViewController.m */,
				B5B9F5B01D3C838F00EC5FA4 /* AlertView.h */,
				B5B9F5B11D3C838F00EC5FA4 /* AlertView.m */,
				B5B9F5861D3C834000EC5FA4 /* Main.storyboard */,
				B5B9F5891D3C834000EC5FA4 /* Assets.xcassets */,
				B5B9F58B1D3C834000EC5FA4 /* LaunchScreen.storyboard */,
				B5B9F58E1D3C834000EC5FA4 /* Info.plist */,
				B5B9F57D1D3C834000EC5FA4 /* Supporting Files */,
			);
			path = "自定义弹窗（AlertView）";
			sourceTree = "<group>";
		};
		B5B9F57D1D3C834000EC5FA4 /* Supporting Files */ = {
			isa = PBXGroup;
			children = (
				B5B9F57E1D3C834000EC5FA4 /* main.m */,
			);
			name = "Supporting Files";
			sourceTree = "<group>";
		};
		B5B9F5961D3C834000EC5FA4 /* 自定义弹窗（AlertView）Tests */ = {
			isa = PBXGroup;
			children = (
				B5B9F5971D3C834000EC5FA4 /* ______AlertView_Tests.m */,
				B5B9F5991D3C834000EC5FA4 /* Info.plist */,
			);
			path = "自定义弹窗（AlertView）Tests";
			sourceTree = "<group>";
		};
		B5B9F5A11D3C834000EC5FA4 /* 自定义弹窗（AlertView）UITests */ = {
			isa = PBXGroup;
			children = (
				B5B9F5A21D3C834000EC5FA4 /* ______AlertView_UITests.m */,
				B5B9F5A41D3C834000EC5FA4 /* Info.plist */,
			);
			path = "自定义弹窗（AlertView）UITests";
			sourceTree = "<group>";
		};
		B5B9F5B31D3CAAC700EC5FA4 /* TwoDmlBarcode */ = {
			isa = PBXGroup;
			children = (
				B5B9F5B41D3CAAC700EC5FA4 /* TDBarcode.h */,
				B5B9F5B51D3CAAC700EC5FA4 /* TDBarcode.m */,
			);
			path = TwoDmlBarcode;
			sourceTree = "<group>";
		};
/* End PBXGroup section */

/* Begin PBXNativeTarget section */
		B5B9F5791D3C834000EC5FA4 /* 自定义弹窗（AlertView） */ = {
			isa = PBXNativeTarget;
			buildConfigurationList = B5B9F5A71D3C834000EC5FA4 /* Build configuration list for PBXNativeTarget "自定义弹窗（AlertView）" */;
			buildPhases = (
				B5B9F5761D3C834000EC5FA4 /* Sources */,
				B5B9F5771D3C834000EC5FA4 /* Frameworks */,
				B5B9F5781D3C834000EC5FA4 /* Resources */,
			);
			buildRules = (
			);
			dependencies = (
			);
			name = "自定义弹窗（AlertView）";
			productName = "自定义弹窗（AlertView）";
			productReference = B5B9F57A1D3C834000EC5FA4 /* 自定义弹窗（AlertView）.app */;
			productType = "com.apple.product-type.application";
		};
		B5B9F5921D3C834000EC5FA4 /* 自定义弹窗（AlertView）Tests */ = {
			isa = PBXNativeTarget;
			buildConfigurationList = B5B9F5AA1D3C834000EC5FA4 /* Build configuration list for PBXNativeTarget "自定义弹窗（AlertView）Tests" */;
			buildPhases = (
				B5B9F58F1D3C834000EC5FA4 /* Sources */,
				B5B9F5901D3C834000EC5FA4 /* Frameworks */,
				B5B9F5911D3C834000EC5FA4 /* Resources */,
			);
			buildRules = (
			);
			dependencies = (
				B5B9F5951D3C834000EC5FA4 /* PBXTargetDependency */,
			);
			name = "自定义弹窗（AlertView）Tests";
			productName = "自定义弹窗（AlertView）Tests";
			productReference = B5B9F5931D3C834000EC5FA4 /* 自定义弹窗（AlertView）Tests.xctest */;
			productType = "com.apple.product-type.bundle.unit-test";
		};
		B5B9F59D1D3C834000EC5FA4 /* 自定义弹窗（AlertView）UITests */ = {
			isa = PBXNativeTarget;
			buildConfigurationList = B5B9F5AD1D3C834000EC5FA4 /* Build configuration list for PBXNativeTarget "自定义弹窗（AlertView）UITests" */;
			buildPhases = (
				B5B9F59A1D3C834000EC5FA4 /* Sources */,
				B5B9F59B1D3C834000EC5FA4 /* Frameworks */,
				B5B9F59C1D3C834000EC5FA4 /* Resources */,
			);
			buildRules = (
			);
			dependencies = (
				B5B9F5A01D3C834000EC5FA4 /* PBXTargetDependency */,
			);
			name = "自定义弹窗（AlertView）UITests";
			productName = "自定义弹窗（AlertView）UITests";
			productReference = B5B9F59E1D3C834000EC5FA4 /* 自定义弹窗（AlertView）UITests.xctest */;
			productType = "com.apple.product-type.bundle.ui-testing";
		};
/* End PBXNativeTarget section */

/* Begin PBXProject section */
		B5B9F5721D3C834000EC5FA4 /* Project object */ = {
			isa = PBXProject;
			attributes = {
				LastUpgradeCheck = 0730;
				ORGANIZATIONNAME = liuxiaoxin;
				TargetAttributes = {
					B5B9F5791D3C834000EC5FA4 = {
						CreatedOnToolsVersion = 7.3.1;
						DevelopmentTeam = GLSS743A38;
					};
					B5B9F5921D3C834000EC5FA4 = {
						CreatedOnToolsVersion = 7.3.1;
						TestTargetID = B5B9F5791D3C834000EC5FA4;
					};
					B5B9F59D1D3C834000EC5FA4 = {
						CreatedOnToolsVersion = 7.3.1;
						TestTargetID = B5B9F5791D3C834000EC5FA4;
					};
				};
			};
			buildConfigurationList = B5B9F5751D3C834000EC5FA4 /* Build configuration list for PBXProject "自定义弹窗（AlertView）" */;
			compatibilityVersion = "Xcode 3.2";
			developmentRegion = English;
			hasScannedForEncodings = 0;
			knownRegions = (
				en,
				Base,
			);
			mainGroup = B5B9F5711D3C834000EC5FA4;
			productRefGroup = B5B9F57B1D3C834000EC5FA4 /* Products */;
			projectDirPath = "";
			projectRoot = "";
			targets = (
				B5B9F5791D3C834000EC5FA4 /* 自定义弹窗（AlertView） */,
				B5B9F5921D3C834000EC5FA4 /* 自定义弹窗（AlertView）Tests */,
				B5B9F59D1D3C834000EC5FA4 /* 自定义弹窗（AlertView）UITests */,
			);
		};
/* End PBXProject section */

/* Begin PBXResourcesBuildPhase section */
		B5B9F5781D3C834000EC5FA4 /* Resources */ = {
			isa = PBXResourcesBuildPhase;
			buildActionMask = 2147483647;
			files = (
				B5B9F58D1D3C834000EC5FA4 /* LaunchScreen.storyboard in Resources */,
				B5B9F58A1D3C834000EC5FA4 /* Assets.xcassets in Resources */,
				B5B9F5881D3C834000EC5FA4 /* Main.storyboard in Resources */,
			);
			runOnlyForDeploymentPostprocessing = 0;
		};
		B5B9F5911D3C834000EC5FA4 /* Resources */ = {
			isa = PBXResourcesBuildPhase;
			buildActionMask = 2147483647;
			files = (
			);
			runOnlyForDeploymentPostprocessing = 0;
		};
		B5B9F59C1D3C834000EC5FA4 /* Resources */ = {
			isa = PBXResourcesBuildPhase;
			buildActionMask = 2147483647;
			files = (
			);
			runOnlyForDeploymentPostprocessing = 0;
		};
/* End PBXResourcesBuildPhase section */

/* Begin PBXSourcesBuildPhase section */
		B5B9F5761D3C834000EC5FA4 /* Sources */ = {
			isa = PBXSourcesBuildPhase;
			buildActionMask = 2147483647;
			files = (
				B5B9F5851D3C834000EC5FA4 /* ViewController.m in Sources */,
				B5B9F5B21D3C838F00EC5FA4 /* AlertView.m in Sources */,
				B5B9F5821D3C834000EC5FA4 /* AppDelegate.m in Sources */,
				B5B9F5B61D3CAAC700EC5FA4 /* TDBarcode.m in Sources */,
				B5B9F57F1D3C834000EC5FA4 /* main.m in Sources */,
			);
			runOnlyForDeploymentPostprocessing = 0;
		};
		B5B9F58F1D3C834000EC5FA4 /* Sources */ = {
			isa = PBXSourcesBuildPhase;
			buildActionMask = 2147483647;
			files = (
				B5B9F5981D3C834000EC5FA4 /* ______AlertView_Tests.m in Sources */,
			);
			runOnlyForDeploymentPostprocessing = 0;
		};
		B5B9F59A1D3C834000EC5FA4 /* Sources */ = {
			isa = PBXSourcesBuildPhase;
			buildActionMask = 2147483647;
			files = (
				B5B9F5A31D3C834000EC5FA4 /* ______AlertView_UITests.m in Sources */,
			);
			runOnlyForDeploymentPostprocessing = 0;
		};
/* End PBXSourcesBuildPhase section */

/* Begin PBXTargetDependency section */
		B5B9F5951D3C834000EC5FA4 /* PBXTargetDependency */ = {
			isa = PBXTargetDependency;
			target = B5B9F5791D3C834000EC5FA4 /* 自定义弹窗（AlertView） */;
			targetProxy = B5B9F5941D3C834000EC5FA4 /* PBXContainerItemProxy */;
		};
		B5B9F5A01D3C834000EC5FA4 /* PBXTargetDependency */ = {
			isa = PBXTargetDependency;
			target = B5B9F5791D3C834000EC5FA4 /* 自定义弹窗（AlertView） */;
			targetProxy = B5B9F59F1D3C834000EC5FA4 /* PBXContainerItemProxy */;
		};
/* End PBXTargetDependency section */

/* Begin PBXVariantGroup section */
		B5B9F5861D3C834000EC5FA4 /* Main.storyboard */ = {
			isa = PBXVariantGroup;
			children = (
				B5B9F5871D3C834000EC5FA4 /* Base */,
			);
			name = Main.storyboard;
			sourceTree = "<group>";
		};
		B5B9F58B1D3C834000EC5FA4 /* LaunchScreen.storyboard */ = {
			isa = PBXVariantGroup;
			children = (
				B5B9F58C1D3C834000EC5FA4 /* Base */,
			);
			name = LaunchScreen.storyboard;
			sourceTree = "<group>";
		};
/* End PBXVariantGroup section */

/* Begin XCBuildConfiguration section */
		B5B9F5A51D3C834000EC5FA4 /* Debug */ = {
			isa = XCBuildConfiguration;
			buildSettings = {
				ALWAYS_SEARCH_USER_PATHS = NO;
				CLANG_ANALYZER_NONNULL = YES;
				CLANG_CXX_LANGUAGE_STANDARD = "gnu++0x";
				CLANG_CXX_LIBRARY = "libc++";
				CLANG_ENABLE_MODULES = YES;
				CLANG_ENABLE_OBJC_ARC = YES;
				CLANG_WARN_BOOL_CONVERSION = YES;
				CLANG_WARN_CONSTANT_CONVERSION = YES;
				CLANG_WARN_DIRECT_OBJC_ISA_USAGE = YES_ERROR;
				CLANG_WARN_EMPTY_BODY = YES;
				CLANG_WARN_ENUM_CONVERSION = YES;
				CLANG_WARN_INT_CONVERSION = YES;
				CLANG_WARN_OBJC_ROOT_CLASS = YES_ERROR;
				CLANG_WARN_UNREACHABLE_CODE = YES;
				CLANG_WARN__DUPLICATE_METHOD_MATCH = YES;
				"CODE_SIGN_IDENTITY[sdk=iphoneos*]" = "iPhone Developer";
				COPY_PHASE_STRIP = NO;
				DEBUG_INFORMATION_FORMAT = dwarf;
				ENABLE_STRICT_OBJC_MSGSEND = YES;
				ENABLE_TESTABILITY = YES;
				GCC_C_LANGUAGE_STANDARD = gnu99;
				GCC_DYNAMIC_NO_PIC = NO;
				GCC_NO_COMMON_BLOCKS = YES;
				GCC_OPTIMIZATION_LEVEL = 0;
				GCC_PREPROCESSOR_DEFINITIONS = (
					"DEBUG=1",
					"$(inherited)",
				);
				GCC_WARN_64_TO_32_BIT_CONVERSION = YES;
				GCC_WARN_ABOUT_RETURN_TYPE = YES_ERROR;
				GCC_WARN_UNDECLARED_SELECTOR = YES;
				GCC_WARN_UNINITIALIZED_AUTOS = YES_AGGRESSIVE;
				GCC_WARN_UNUSED_FUNCTION = YES;
				GCC_WARN_UNUSED_VARIABLE = YES;
				IPHONEOS_DEPLOYMENT_TARGET = 9.3;
				MTL_ENABLE_DEBUG_INFO = YES;
				ONLY_ACTIVE_ARCH = YES;
				SDKROOT = iphoneos;
				TARGETED_DEVICE_FAMILY = "1,2";
			};
			name = Debug;
		};
		B5B9F5A61D3C834000EC5FA4 /* Release */ = {
			isa = XCBuildConfiguration;
			buildSettings = {
				ALWAYS_SEARCH_USER_PATHS = NO;
				CLANG_ANALYZER_NONNULL = YES;
				CLANG_CXX_LANGUAGE_STANDARD = "gnu++0x";
				CLANG_CXX_LIBRARY = "libc++";
				CLANG_ENABLE_MODULES = YES;
				CLANG_ENABLE_OBJC_ARC = YES;
				CLANG_WARN_BOOL_CONVERSION = YES;
				CLANG_WARN_CONSTANT_CONVERSION = YES;
				CLANG_WARN_DIRECT_OBJC_ISA_USAGE = YES_ERROR;
				CLANG_WARN_EMPTY_BODY = YES;
				CLANG_WARN_ENUM_CONVERSION = YES;
				CLANG_WARN_INT_CONVERSION = YES;
				CLANG_WARN_OBJC_ROOT_CLASS = YES_ERROR;
				CLANG_WARN_UNREACHABLE_CODE = YES;
				CLANG_WARN__DUPLICATE_METHOD_MATCH = YES;
				"CODE_SIGN_IDENTITY[sdk=iphoneos*]" = "iPhone Developer";
				COPY_PHASE_STRIP = NO;
				DEBUG_INFORMATION_FORMAT = "dwarf-with-dsym";
				ENABLE_NS_ASSERTIONS = NO;
				ENABLE_STRICT_OBJC_MSGSEND = YES;
				GCC_C_LANGUAGE_STANDARD = gnu99;
				GCC_NO_COMMON_BLOCKS = YES;
				GCC_WARN_64_TO_32_BIT_CONVERSION = YES;
				GCC_WARN_ABOUT_RETURN_TYPE = YES_ERROR;
				GCC_WARN_UNDECLARED_SELECTOR = YES;
				GCC_WARN_UNINITIALIZED_AUTOS = YES_AGGRESSIVE;
				GCC_WARN_UNUSED_FUNCTION = YES;
				GCC_WARN_UNUSED_VARIABLE = YES;
				IPHONEOS_DEPLOYMENT_TARGET = 9.3;
				MTL_ENABLE_DEBUG_INFO = NO;
				SDKROOT = iphoneos;
				TARGETED_DEVICE_FAMILY = "1,2";
				VALIDATE_PRODUCT = YES;
			};
			name = Release;
		};
		B5B9F5A81D3C834000EC5FA4 /* Debug */ = {
			isa = XCBuildConfiguration;
			buildSettings = {
				ASSETCATALOG_COMPILER_APPICON_NAME = AppIcon;
				CODE_SIGN_IDENTITY = "iPhone Developer";
				INFOPLIST_FILE = "自定义弹窗（AlertView）/Info.plist";
				IPHONEOS_DEPLOYMENT_TARGET = 7.1;
				LD_RUNPATH_SEARCH_PATHS = "$(inherited) @executable_path/Frameworks";
				PRODUCT_BUNDLE_IDENTIFIER = "lxx.------AlertView-";
				PRODUCT_NAME = "$(TARGET_NAME)";
			};
			name = Debug;
		};
		B5B9F5A91D3C834000EC5FA4 /* Release */ = {
			isa = XCBuildConfiguration;
			buildSettings = {
				ASSETCATALOG_COMPILER_APPICON_NAME = AppIcon;
				CODE_SIGN_IDENTITY = "iPhone Developer";
				INFOPLIST_FILE = "自定义弹窗（AlertView）/Info.plist";
				IPHONEOS_DEPLOYMENT_TARGET = 7.1;
				LD_RUNPATH_SEARCH_PATHS = "$(inherited) @executable_path/Frameworks";
				PRODUCT_BUNDLE_IDENTIFIER = "lxx.------AlertView-";
				PRODUCT_NAME = "$(TARGET_NAME)";
			};
			name = Release;
		};
		B5B9F5AB1D3C834000EC5FA4 /* Debug */ = {
			isa = XCBuildConfiguration;
			buildSettings = {
				BUNDLE_LOADER = "$(TEST_HOST)";
				INFOPLIST_FILE = "自定义弹窗（AlertView）Tests/Info.plist";
				LD_RUNPATH_SEARCH_PATHS = "$(inherited) @executable_path/Frameworks @loader_path/Frameworks";
				PRODUCT_BUNDLE_IDENTIFIER = "lxx.------AlertView-Tests";
				PRODUCT_NAME = "$(TARGET_NAME)";
				TEST_HOST = "$(BUILT_PRODUCTS_DIR)/自定义弹窗（AlertView）.app/自定义弹窗（AlertView）";
			};
			name = Debug;
		};
		B5B9F5AC1D3C834000EC5FA4 /* Release */ = {
			isa = XCBuildConfiguration;
			buildSettings = {
				BUNDLE_LOADER = "$(TEST_HOST)";
				INFOPLIST_FILE = "自定义弹窗（AlertView）Tests/Info.plist";
				LD_RUNPATH_SEARCH_PATHS = "$(inherited) @executable_path/Frameworks @loader_path/Frameworks";
				PRODUCT_BUNDLE_IDENTIFIER = "lxx.------AlertView-Tests";
				PRODUCT_NAME = "$(TARGET_NAME)";
				TEST_HOST = "$(BUILT_PRODUCTS_DIR)/自定义弹窗（AlertView）.app/自定义弹窗（AlertView）";
			};
			name = Release;
		};
		B5B9F5AE1D3C834000EC5FA4 /* Debug */ = {
			isa = XCBuildConfiguration;
			buildSettings = {
				INFOPLIST_FILE = "自定义弹窗（AlertView）UITests/Info.plist";
				LD_RUNPATH_SEARCH_PATHS = "$(inherited) @executable_path/Frameworks @loader_path/Frameworks";
				PRODUCT_BUNDLE_IDENTIFIER = "lxx.------AlertView-UITests";
				PRODUCT_NAME = "$(TARGET_NAME)";
				TEST_TARGET_NAME = "自定义弹窗（AlertView）";
			};
			name = Debug;
		};
		B5B9F5AF1D3C834000EC5FA4 /* Release */ = {
			isa = XCBuildConfiguration;
			buildSettings = {
				INFOPLIST_FILE = "自定义弹窗（AlertView）UITests/Info.plist";
				LD_RUNPATH_SEARCH_PATHS = "$(inherited) @executable_path/Frameworks @loader_path/Frameworks";
				PRODUCT_BUNDLE_IDENTIFIER = "lxx.------AlertView-UITests";
				PRODUCT_NAME = "$(TARGET_NAME)";
				TEST_TARGET_NAME = "自定义弹窗（AlertView）";
			};
			name = Release;
		};
/* End XCBuildConfiguration section */

/* Begin XCConfigurationList section */
		B5B9F5751D3C834000EC5FA4 /* Build configuration list for PBXProject "自定义弹窗（AlertView）" */ = {
			isa = XCConfigurationList;
			buildConfigurations = (
				B5B9F5A51D3C834000EC5FA4 /* Debug */,
				B5B9F5A61D3C834000EC5FA4 /* Release */,
			);
			defaultConfigurationIsVisible = 0;
			defaultConfigurationName = Release;
		};
		B5B9F5A71D3C834000EC5FA4 /* Build configuration list for PBXNativeTarget "自定义弹窗（AlertView）" */ = {
			isa = XCConfigurationList;
			buildConfigurations = (
				B5B9F5A81D3C834000EC5FA4 /* Debug */,
				B5B9F5A91D3C834000EC5FA4 /* Release */,
			);
			defaultConfigurationIsVisible = 0;
			defaultConfigurationName = Release;
		};
		B5B9F5AA1D3C834000EC5FA4 /* Build configuration list for PBXNativeTarget "自定义弹窗（AlertView）Tests" */ = {
			isa = XCConfigurationList;
			buildConfigurations = (
				B5B9F5AB1D3C834000EC5FA4 /* Debug */,
				B5B9F5AC1D3C834000EC5FA4 /* Release */,
			);
			defaultConfigurationIsVisible = 0;
			defaultConfigurationName = Release;
		};
		B5B9F5AD1D3C834000EC5FA4 /* Build configuration list for PBXNativeTarget "自定义弹窗（AlertView）UITests" */ = {
			isa = XCConfigurationList;
			buildConfigurations = (
				B5B9F5AE1D3C834000EC5FA4 /* Debug */,
				B5B9F5AF1D3C834000EC5FA4 /* Release */,
			);
			defaultConfigurationIsVisible = 0;
			defaultConfigurationName = Release;
		};
/* End XCConfigurationList section */
	};
	rootObject = B5B9F5721D3C834000EC5FA4 /* Project object */;
}
